
Microsoft Visual Studio Solution File, Format Version 12.00
# Visual Studio Version 16
VisualStudioVersion = 16.0.30413.136
MinimumVisualStudioVersion = 10.0.40219.1
Project("{FAE04EC0-301F-11D3-BF4B-00C04F79EFBC}") = "encuesta", "encuesta\encuesta.csproj", "{C1641FD3-152B-469A-B86C-3ABD1B6203ED}"
EndProject
Global
	GlobalSection(SolutionConfigurationPlatforms) = preSolution
		Debug|Any CPU = Debug|Any CPU
		Release|Any CPU = Release|Any CPU
	EndGlobalSection
	GlobalSection(ProjectConfigurationPlatforms) = postSolution
		{C1641FD3-152B-469A-B86C-3ABD1B6203ED}.Debug|Any CPU.ActiveCfg = Debug|Any CPU
		{C1641FD3-152B-469A-B86C-3ABD1B6203ED}.Debug|Any CPU.Build.0 = Debug|Any CPU
		{C1641FD3-152B-469A-B86C-3ABD1B6203ED}.Release|Any CPU.ActiveCfg = Release|Any CPU
		{C1641FD3-152B-469A-B86C-3ABD1B6203ED}.Release|Any CPU.Build.0 = Release|Any CPU
	EndGlobalSection
	GlobalSection(SolutionProperties) = preSolution
		HideSolutionNode = FALSE
	EndGlobalSection
	GlobalSection(ExtensibilityGlobals) = postSolution
		SolutionGuid = {38E9F5BB-FABF-4482-8582-F5DA439C9A38}
	EndGlobalSection
EndGlobal
